
Microsoft Visual Studio Solution File, Format Version 12.00
# Visual Studio Version 17
VisualStudioVersion = 17.8.34330.188
MinimumVisualStudioVersion = 10.0.40219.1
Project("{FAE04EC0-301F-11D3-BF4B-00C04F79EFBC}") = "Project22", "Project22\Project22.csproj", "{0E385F1D-E863-4430-ACBB-2723873C22DD}"
EndProject
Global
	GlobalSection(SolutionConfigurationPlatforms) = preSolution
		Debug|Any CPU = Debug|Any CPU
		Release|Any CPU = Release|Any CPU
	EndGlobalSection
	GlobalSection(ProjectConfigurationPlatforms) = postSolution
		{0E385F1D-E863-4430-ACBB-2723873C22DD}.Debug|Any CPU.ActiveCfg = Debug|Any CPU
		{0E385F1D-E863-4430-ACBB-2723873C22DD}.Debug|Any CPU.Build.0 = Debug|Any CPU
		{0E385F1D-E863-4430-ACBB-2723873C22DD}.Release|Any CPU.ActiveCfg = Release|Any CPU
		{0E385F1D-E863-4430-ACBB-2723873C22DD}.Release|Any CPU.Build.0 = Release|Any CPU
	EndGlobalSection
	GlobalSection(SolutionProperties) = preSolution
		HideSolutionNode = FALSE
	EndGlobalSection
	GlobalSection(ExtensibilityGlobals) = postSolution
		SolutionGuid = {D65C8100-5607-44FC-A578-E259D19D66B4}
	EndGlobalSection
EndGlobal
